// !$*UTF8*$!
{
	archiveVersion = 1;
	classes = {
	};
	objectVersion = 48;
	objects = {

/* Begin PBXBuildFile section */
		D55BC4991FD5834100F9D7B8 /* DataMode.m in Sources */ = {isa = PBXBuildFile; fileRef = D55BC4981FD5834100F9D7B8 /* DataMode.m */; };
		D56B3B1B1FB414FD0084032D /* AppDelegate.m in Sources */ = {isa = PBXBuildFile; fileRef = D56B3B1A1FB414FD0084032D /* AppDelegate.m */; };
		D56B3B1E1FB414FD0084032D /* ViewController.m in Sources */ = {isa = PBXBuildFile; fileRef = D56B3B1D1FB414FD0084032D /* ViewController.m */; };
		D56B3B211FB414FD0084032D /* Main.storyboard in Resources */ = {isa = PBXBuildFile; fileRef = D56B3B1F1FB414FD0084032D /* Main.storyboard */; };
		D56B3B241FB414FD0084032D /* demo.xcdatamodeld in Sources */ = {isa = PBXBuildFile; fileRef = D56B3B221FB414FD0084032D /* demo.xcdatamodeld */; };
		D56B3B261FB414FD0084032D /* Assets.xcassets in Resources */ = {isa = PBXBuildFile; fileRef = D56B3B251FB414FD0084032D /* Assets.xcassets */; };
		D56B3B291FB414FD0084032D /* LaunchScreen.storyboard in Resources */ = {isa = PBXBuildFile; fileRef = D56B3B271FB414FD0084032D /* LaunchScreen.storyboard */; };
		D56B3B2C1FB414FD0084032D /* main.m in Sources */ = {isa = PBXBuildFile; fileRef = D56B3B2B1FB414FD0084032D /* main.m */; };
		D56B3B361FB414FD0084032D /* demoTests.m in Sources */ = {isa = PBXBuildFile; fileRef = D56B3B351FB414FD0084032D /* demoTests.m */; };
		D56B3B411FB414FD0084032D /* demoUITests.m in Sources */ = {isa = PBXBuildFile; fileRef = D56B3B401FB414FD0084032D /* demoUITests.m */; };
		D59CB9FE20629EAA003763A2 /* Person+CoreDataClass.m in Sources */ = {isa = PBXBuildFile; fileRef = D59CB9FB20629EAA003763A2 /* Person+CoreDataClass.m */; };
		D59CB9FF20629EAA003763A2 /* Person+CoreDataProperties.m in Sources */ = {isa = PBXBuildFile; fileRef = D59CB9FD20629EAA003763A2 /* Person+CoreDataProperties.m */; };
		D59CBA0220629F5F003763A2 /* JHCoreMataStackManager.m in Sources */ = {isa = PBXBuildFile; fileRef = D59CBA0120629F5F003763A2 /* JHCoreMataStackManager.m */; };
		D5C006F61FB87C5B00C0071C /* JHViewController.m in Sources */ = {isa = PBXBuildFile; fileRef = D5C006F41FB87C5B00C0071C /* JHViewController.m */; };
		D5C006F71FB87C5B00C0071C /* JHViewController.xib in Resources */ = {isa = PBXBuildFile; fileRef = D5C006F51FB87C5B00C0071C /* JHViewController.xib */; };
/* End PBXBuildFile section */

/* Begin PBXContainerItemProxy section */
		D56B3B321FB414FD0084032D /* PBXContainerItemProxy */ = {
			isa = PBXContainerItemProxy;
			containerPortal = D56B3B0E1FB414FD0084032D /* Project object */;
			proxyType = 1;
			remoteGlobalIDString = D56B3B151FB414FD0084032D;
			remoteInfo = demo;
		};
		D56B3B3D1FB414FD0084032D /* PBXContainerItemProxy */ = {
			isa = PBXContainerItemProxy;
			containerPortal = D56B3B0E1FB414FD0084032D /* Project object */;
			proxyType = 1;
			remoteGlobalIDString = D56B3B151FB414FD0084032D;
			remoteInfo = demo;
		};
/* End PBXContainerItemProxy section */

/* Begin PBXFileReference section */
		D55BC4971FD5834100F9D7B8 /* DataMode.h */ = {isa = PBXFileReference; lastKnownFileType = sourcecode.c.h; path = DataMode.h; sourceTree = "<group>"; };
		D55BC4981FD5834100F9D7B8 /* DataMode.m */ = {isa = PBXFileReference; lastKnownFileType = sourcecode.c.objc; path = DataMode.m; sourceTree = "<group>"; };
		D56B3B161FB414FD0084032D /* demo.app */ = {isa = PBXFileReference; explicitFileType = wrapper.application; includeInIndex = 0; path = demo.app; sourceTree = BUILT_PRODUCTS_DIR; };
		D56B3B191FB414FD0084032D /* AppDelegate.h */ = {isa = PBXFileReference; lastKnownFileType = sourcecode.c.h; path = AppDelegate.h; sourceTree = "<group>"; };
		D56B3B1A1FB414FD0084032D /* AppDelegate.m */ = {isa = PBXFileReference; lastKnownFileType = sourcecode.c.objc; path = AppDelegate.m; sourceTree = "<group>"; };
		D56B3B1C1FB414FD0084032D /* ViewController.h */ = {isa = PBXFileReference; lastKnownFileType = sourcecode.c.h; path = ViewController.h; sourceTree = "<group>"; };
		D56B3B1D1FB414FD0084032D /* ViewController.m */ = {isa = PBXFileReference; lastKnownFileType = sourcecode.c.objc; path = ViewController.m; sourceTree = "<group>"; };
		D56B3B201FB414FD0084032D /* Base */ = {isa = PBXFileReference; lastKnownFileType = file.storyboard; name = Base; path = Base.lproj/Main.storyboard; sourceTree = "<group>"; };
		D56B3B231FB414FD0084032D /* demo.xcdatamodel */ = {isa = PBXFileReference; lastKnownFileType = wrapper.xcdatamodel; path = demo.xcdatamodel; sourceTree = "<group>"; };
		D56B3B251FB414FD0084032D /* Assets.xcassets */ = {isa = PBXFileReference; lastKnownFileType = folder.assetcatalog; path = Assets.xcassets; sourceTree = "<group>"; };
		D56B3B281FB414FD0084032D /* Base */ = {isa = PBXFileReference; lastKnownFileType = file.storyboard; name = Base; path = Base.lproj/LaunchScreen.storyboard; sourceTree = "<group>"; };
		D56B3B2A1FB414FD0084032D /* Info.plist */ = {isa = PBXFileReference; lastKnownFileType = text.plist.xml; path = Info.plist; sourceTree = "<group>"; };
		D56B3B2B1FB414FD0084032D /* main.m */ = {isa = PBXFileReference; lastKnownFileType = sourcecode.c.objc; path = main.m; sourceTree = "<group>"; };
		D56B3B311FB414FD0084032D /* demoTests.xctest */ = {isa = PBXFileReference; explicitFileType = wrapper.cfbundle; includeInIndex = 0; path = demoTests.xctest; sourceTree = BUILT_PRODUCTS_DIR; };
		D56B3B351FB414FD0084032D /* demoTests.m */ = {isa = PBXFileReference; lastKnownFileType = sourcecode.c.objc; path = demoTests.m; sourceTree = "<group>"; };
		D56B3B371FB414FD0084032D /* Info.plist */ = {isa = PBXFileReference; lastKnownFileType = text.plist.xml; path = Info.plist; sourceTree = "<group>"; };
		D56B3B3C1FB414FD0084032D /* demoUITests.xctest */ = {isa = PBXFileReference; explicitFileType = wrapper.cfbundle; includeInIndex = 0; path = demoUITests.xctest; sourceTree = BUILT_PRODUCTS_DIR; };
		D56B3B401FB414FD0084032D /* demoUITests.m */ = {isa = PBXFileReference; lastKnownFileType = sourcecode.c.objc; path = demoUITests.m; sourceTree = "<group>"; };
		D56B3B421FB414FD0084032D /* Info.plist */ = {isa = PBXFileReference; lastKnownFileType = text.plist.xml; path = Info.plist; sourceTree = "<group>"; };
		D59CB9FA20629EAA003763A2 /* Person+CoreDataClass.h */ = {isa = PBXFileReference; lastKnownFileType = sourcecode.c.h; name = "Person+CoreDataClass.h"; path = "demo/Person+CoreDataClass.h"; sourceTree = "<group>"; };
		D59CB9FB20629EAA003763A2 /* Person+CoreDataClass.m */ = {isa = PBXFileReference; lastKnownFileType = sourcecode.c.objc; name = "Person+CoreDataClass.m"; path = "demo/Person+CoreDataClass.m"; sourceTree = "<group>"; };
		D59CB9FC20629EAA003763A2 /* Person+CoreDataProperties.h */ = {isa = PBXFileReference; lastKnownFileType = sourcecode.c.h; name = "Person+CoreDataProperties.h"; path = "demo/Person+CoreDataProperties.h"; sourceTree = "<group>"; };
		D59CB9FD20629EAA003763A2 /* Person+CoreDataProperties.m */ = {isa = PBXFileReference; lastKnownFileType = sourcecode.c.objc; name = "Person+CoreDataProperties.m"; path = "demo/Person+CoreDataProperties.m"; sourceTree = "<group>"; };
		D59CBA0020629F5F003763A2 /* JHCoreMataStackManager.h */ = {isa = PBXFileReference; lastKnownFileType = sourcecode.c.h; path = JHCoreMataStackManager.h; sourceTree = "<group>"; };
		D59CBA0120629F5F003763A2 /* JHCoreMataStackManager.m */ = {isa = PBXFileReference; lastKnownFileType = sourcecode.c.objc; path = JHCoreMataStackManager.m; sourceTree = "<group>"; };
		D5C006F31FB87C5B00C0071C /* JHViewController.h */ = {isa = PBXFileReference; lastKnownFileType = sourcecode.c.h; path = JHViewController.h; sourceTree = "<group>"; };
		D5C006F41FB87C5B00C0071C /* JHViewController.m */ = {isa = PBXFileReference; lastKnownFileType = sourcecode.c.objc; path = JHViewController.m; sourceTree = "<group>"; };
		D5C006F51FB87C5B00C0071C /* JHViewController.xib */ = {isa = PBXFileReference; lastKnownFileType = file.xib; path = JHViewController.xib; sourceTree = "<group>"; };
/* End PBXFileReference section */

/* Begin PBXFrameworksBuildPhase section */
		D56B3B131FB414FD0084032D /* Frameworks */ = {
			isa = PBXFrameworksBuildPhase;
			buildActionMask = 2147483647;
			files = (
			);
			runOnlyForDeploymentPostprocessing = 0;
		};
		D56B3B2E1FB414FD0084032D /* Frameworks */ = {
			isa = PBXFrameworksBuildPhase;
			buildActionMask = 2147483647;
			files = (
			);
			runOnlyForDeploymentPostprocessing = 0;
		};
		D56B3B391FB414FD0084032D /* Frameworks */ = {
			isa = PBXFrameworksBuildPhase;
			buildActionMask = 2147483647;
			files = (
			);
			runOnlyForDeploymentPostprocessing = 0;
		};
/* End PBXFrameworksBuildPhase section */

/* Begin PBXGroup section */
		D56B3B0D1FB414FD0084032D = {
			isa = PBXGroup;
			children = (
				D59CB9FA20629EAA003763A2 /* Person+CoreDataClass.h */,
				D59CB9FB20629EAA003763A2 /* Person+CoreDataClass.m */,
				D59CB9FC20629EAA003763A2 /* Person+CoreDataProperties.h */,
				D59CB9FD20629EAA003763A2 /* Person+CoreDataProperties.m */,
				D59CBA0020629F5F003763A2 /* JHCoreMataStackManager.h */,
				D59CBA0120629F5F003763A2 /* JHCoreMataStackManager.m */,
				D56B3B181FB414FD0084032D /* demo */,
				D56B3B341FB414FD0084032D /* demoTests */,
				D56B3B3F1FB414FD0084032D /* demoUITests */,
				D56B3B171FB414FD0084032D /* Products */,
			);
			sourceTree = "<group>";
		};
		D56B3B171FB414FD0084032D /* Products */ = {
			isa = PBXGroup;
			children = (
				D56B3B161FB414FD0084032D /* demo.app */,
				D56B3B311FB414FD0084032D /* demoTests.xctest */,
				D56B3B3C1FB414FD0084032D /* demoUITests.xctest */,
			);
			name = Products;
			sourceTree = "<group>";
		};
		D56B3B181FB414FD0084032D /* demo */ = {
			isa = PBXGroup;
			children = (
				D56B3B191FB414FD0084032D /* AppDelegate.h */,
				D56B3B1A1FB414FD0084032D /* AppDelegate.m */,
				D56B3B1C1FB414FD0084032D /* ViewController.h */,
				D56B3B1D1FB414FD0084032D /* ViewController.m */,
				D56B3B1F1FB414FD0084032D /* Main.storyboard */,
				D55BC4971FD5834100F9D7B8 /* DataMode.h */,
				D55BC4981FD5834100F9D7B8 /* DataMode.m */,
				D5C006F31FB87C5B00C0071C /* JHViewController.h */,
				D5C006F41FB87C5B00C0071C /* JHViewController.m */,
				D5C006F51FB87C5B00C0071C /* JHViewController.xib */,
				D56B3B251FB414FD0084032D /* Assets.xcassets */,
				D56B3B271FB414FD0084032D /* LaunchScreen.storyboard */,
				D56B3B2A1FB414FD0084032D /* Info.plist */,
				D56B3B2B1FB414FD0084032D /* main.m */,
				D56B3B221FB414FD0084032D /* demo.xcdatamodeld */,
			);
			path = demo;
			sourceTree = "<group>";
		};
		D56B3B341FB414FD0084032D /* demoTests */ = {
			isa = PBXGroup;
			children = (
				D56B3B351FB414FD0084032D /* demoTests.m */,
				D56B3B371FB414FD0084032D /* Info.plist */,
			);
			path = demoTests;
			sourceTree = "<group>";
		};
		D56B3B3F1FB414FD0084032D /* demoUITests */ = {
			isa = PBXGroup;
			children = (
				D56B3B401FB414FD0084032D /* demoUITests.m */,
				D56B3B421FB414FD0084032D /* Info.plist */,
			);
			path = demoUITests;
			sourceTree = "<group>";
		};
/* End PBXGroup section */

/* Begin PBXNativeTarget section */
		D56B3B151FB414FD0084032D /* demo */ = {
			isa = PBXNativeTarget;
			buildConfigurationList = D56B3B451FB414FD0084032D /* Build configuration list for PBXNativeTarget "demo" */;
			buildPhases = (
				D56B3B121FB414FD0084032D /* Sources */,
				D56B3B131FB414FD0084032D /* Frameworks */,
				D56B3B141FB414FD0084032D /* Resources */,
			);
			buildRules = (
			);
			dependencies = (
			);
			name = demo;
			productName = demo;
			productReference = D56B3B161FB414FD0084032D /* demo.app */;
			productType = "com.apple.product-type.application";
		};
		D56B3B301FB414FD0084032D /* demoTests */ = {
			isa = PBXNativeTarget;
			buildConfigurationList = D56B3B481FB414FD0084032D /* Build configuration list for PBXNativeTarget "demoTests" */;
			buildPhases = (
				D56B3B2D1FB414FD0084032D /* Sources */,
				D56B3B2E1FB414FD0084032D /* Frameworks */,
				D56B3B2F1FB414FD0084032D /* Resources */,
			);
			buildRules = (
			);
			dependencies = (
				D56B3B331FB414FD0084032D /* PBXTargetDependency */,
			);
			name = demoTests;
			productName = demoTests;
			productReference = D56B3B311FB414FD0084032D /* demoTests.xctest */;
			productType = "com.apple.product-type.bundle.unit-test";
		};
		D56B3B3B1FB414FD0084032D /* demoUITests */ = {
			isa = PBXNativeTarget;
			buildConfigurationList = D56B3B4B1FB414FD0084032D /* Build configuration list for PBXNativeTarget "demoUITests" */;
			buildPhases = (
				D56B3B381FB414FD0084032D /* Sources */,
				D56B3B391FB414FD0084032D /* Frameworks */,
				D56B3B3A1FB414FD0084032D /* Resources */,
			);
			buildRules = (
			);
			dependencies = (
				D56B3B3E1FB414FD0084032D /* PBXTargetDependency */,
			);
			name = demoUITests;
			productName = demoUITests;
			productReference = D56B3B3C1FB414FD0084032D /* demoUITests.xctest */;
			productType = "com.apple.product-type.bundle.ui-testing";
		};
/* End PBXNativeTarget section */

/* Begin PBXProject section */
		D56B3B0E1FB414FD0084032D /* Project object */ = {
			isa = PBXProject;
			attributes = {
				LastUpgradeCheck = 0910;
				ORGANIZATIONNAME = "舒金辉";
				TargetAttributes = {
					D56B3B151FB414FD0084032D = {
						CreatedOnToolsVersion = 9.1;
						ProvisioningStyle = Automatic;
					};
					D56B3B301FB414FD0084032D = {
						CreatedOnToolsVersion = 9.1;
						ProvisioningStyle = Automatic;
						TestTargetID = D56B3B151FB414FD0084032D;
					};
					D56B3B3B1FB414FD0084032D = {
						CreatedOnToolsVersion = 9.1;
						ProvisioningStyle = Automatic;
						TestTargetID = D56B3B151FB414FD0084032D;
					};
				};
			};
			buildConfigurationList = D56B3B111FB414FD0084032D /* Build configuration list for PBXProject "demo" */;
			compatibilityVersion = "Xcode 8.0";
			developmentRegion = en;
			hasScannedForEncodings = 0;
			knownRegions = (
				en,
				Base,
			);
			mainGroup = D56B3B0D1FB414FD0084032D;
			productRefGroup = D56B3B171FB414FD0084032D /* Products */;
			projectDirPath = "";
			projectRoot = "";
			targets = (
				D56B3B151FB414FD0084032D /* demo */,
				D56B3B301FB414FD0084032D /* demoTests */,
				D56B3B3B1FB414FD0084032D /* demoUITests */,
			);
		};
/* End PBXProject section */

/* Begin PBXResourcesBuildPhase section */
		D56B3B141FB414FD0084032D /* Resources */ = {
			isa = PBXResourcesBuildPhase;
			buildActionMask = 2147483647;
			files = (
				D56B3B291FB414FD0084032D /* LaunchScreen.storyboard in Resources */,
				D56B3B261FB414FD0084032D /* Assets.xcassets in Resources */,
				D5C006F71FB87C5B00C0071C /* JHViewController.xib in Resources */,
				D56B3B211FB414FD0084032D /* Main.storyboard in Resources */,
			);
			runOnlyForDeploymentPostprocessing = 0;
		};
		D56B3B2F1FB414FD0084032D /* Resources */ = {
			isa = PBXResourcesBuildPhase;
			buildActionMask = 2147483647;
			files = (
			);
			runOnlyForDeploymentPostprocessing = 0;
		};
		D56B3B3A1FB414FD0084032D /* Resources */ = {
			isa = PBXResourcesBuildPhase;
			buildActionMask = 2147483647;
			files = (
			);
			runOnlyForDeploymentPostprocessing = 0;
		};
/* End PBXResourcesBuildPhase section */

/* Begin PBXSourcesBuildPhase section */
		D56B3B121FB414FD0084032D /* Sources */ = {
			isa = PBXSourcesBuildPhase;
			buildActionMask = 2147483647;
			files = (
				D59CB9FF20629EAA003763A2 /* Person+CoreDataProperties.m in Sources */,
				D56B3B241FB414FD0084032D /* demo.xcdatamodeld in Sources */,
				D5C006F61FB87C5B00C0071C /* JHViewController.m in Sources */,
				D55BC4991FD5834100F9D7B8 /* DataMode.m in Sources */,
				D59CBA0220629F5F003763A2 /* JHCoreMataStackManager.m in Sources */,
				D56B3B1E1FB414FD0084032D /* ViewController.m in Sources */,
				D56B3B2C1FB414FD0084032D /* main.m in Sources */,
				D59CB9FE20629EAA003763A2 /* Person+CoreDataClass.m in Sources */,
				D56B3B1B1FB414FD0084032D /* AppDelegate.m in Sources */,
			);
			runOnlyForDeploymentPostprocessing = 0;
		};
		D56B3B2D1FB414FD0084032D /* Sources */ = {
			isa = PBXSourcesBuildPhase;
			buildActionMask = 2147483647;
			files = (
				D56B3B361FB414FD0084032D /* demoTests.m in Sources */,
			);
			runOnlyForDeploymentPostprocessing = 0;
		};
		D56B3B381FB414FD0084032D /* Sources */ = {
			isa = PBXSourcesBuildPhase;
			buildActionMask = 2147483647;
			files = (
				D56B3B411FB414FD0084032D /* demoUITests.m in Sources */,
			);
			runOnlyForDeploymentPostprocessing = 0;
		};
/* End PBXSourcesBuildPhase section */

/* Begin PBXTargetDependency section */
		D56B3B331FB414FD0084032D /* PBXTargetDependency */ = {
			isa = PBXTargetDependency;
			target = D56B3B151FB414FD0084032D /* demo */;
			targetProxy = D56B3B321FB414FD0084032D /* PBXContainerItemProxy */;
		};
		D56B3B3E1FB414FD0084032D /* PBXTargetDependency */ = {
			isa = PBXTargetDependency;
			target = D56B3B151FB414FD0084032D /* demo */;
			targetProxy = D56B3B3D1FB414FD0084032D /* PBXContainerItemProxy */;
		};
/* End PBXTargetDependency section */

/* Begin PBXVariantGroup section */
		D56B3B1F1FB414FD0084032D /* Main.storyboard */ = {
			isa = PBXVariantGroup;
			children = (
				D56B3B201FB414FD0084032D /* Base */,
			);
			name = Main.storyboard;
			sourceTree = "<group>";
		};
		D56B3B271FB414FD0084032D /* LaunchScreen.storyboard */ = {
			isa = PBXVariantGroup;
			children = (
				D56B3B281FB414FD0084032D /* Base */,
			);
			name = LaunchScreen.storyboard;
			sourceTree = "<group>";
		};
/* End PBXVariantGroup section */

/* Begin XCBuildConfiguration section */
		D56B3B431FB414FD0084032D /* Debug */ = {
			isa = XCBuildConfiguration;
			buildSettings = {
				ALWAYS_SEARCH_USER_PATHS = NO;
				CLANG_ANALYZER_NONNULL = YES;
				CLANG_ANALYZER_NUMBER_OBJECT_CONVERSION = YES_AGGRESSIVE;
				CLANG_CXX_LANGUAGE_STANDARD = "gnu++14";
				CLANG_CXX_LIBRARY = "libc++";
				CLANG_ENABLE_MODULES = YES;
				CLANG_ENABLE_OBJC_ARC = YES;
				CLANG_WARN_BLOCK_CAPTURE_AUTORELEASING = YES;
				CLANG_WARN_BOOL_CONVERSION = YES;
				CLANG_WARN_COMMA = YES;
				CLANG_WARN_CONSTANT_CONVERSION = YES;
				CLANG_WARN_DIRECT_OBJC_ISA_USAGE = YES_ERROR;
				CLANG_WARN_DOCUMENTATION_COMMENTS = YES;
				CLANG_WARN_EMPTY_BODY = YES;
				CLANG_WARN_ENUM_CONVERSION = YES;
				CLANG_WARN_INFINITE_RECURSION = YES;
				CLANG_WARN_INT_CONVERSION = YES;
				CLANG_WARN_NON_LITERAL_NULL_CONVERSION = YES;
				CLANG_WARN_OBJC_LITERAL_CONVERSION = YES;
				CLANG_WARN_OBJC_ROOT_CLASS = YES_ERROR;
				CLANG_WARN_RANGE_LOOP_ANALYSIS = YES;
				CLANG_WARN_STRICT_PROTOTYPES = YES;
				CLANG_WARN_SUSPICIOUS_MOVE = YES;
				CLANG_WARN_UNGUARDED_AVAILABILITY = YES_AGGRESSIVE;
				CLANG_WARN_UNREACHABLE_CODE = YES;
				CLANG_WARN__DUPLICATE_METHOD_MATCH = YES;
				CODE_SIGN_IDENTITY = "iPhone Developer";
				COPY_PHASE_STRIP = NO;
				DEBUG_INFORMATION_FORMAT = dwarf;
				ENABLE_STRICT_OBJC_MSGSEND = YES;
				ENABLE_TESTABILITY = YES;
				GCC_C_LANGUAGE_STANDARD = gnu11;
				GCC_DYNAMIC_NO_PIC = NO;
				GCC_NO_COMMON_BLOCKS = YES;
				GCC_OPTIMIZATION_LEVEL = 0;
				GCC_PREPROCESSOR_DEFINITIONS = (
					"DEBUG=1",
					"$(inherited)",
				);
				GCC_WARN_64_TO_32_BIT_CONVERSION = YES;
				GCC_WARN_ABOUT_RETURN_TYPE = YES_ERROR;
				GCC_WARN_UNDECLARED_SELECTOR = YES;
				GCC_WARN_UNINITIALIZED_AUTOS = YES_AGGRESSIVE;
				GCC_WARN_UNUSED_FUNCTION = YES;
				GCC_WARN_UNUSED_VARIABLE = YES;
				IPHONEOS_DEPLOYMENT_TARGET = 11.1;
				MTL_ENABLE_DEBUG_INFO = YES;
				ONLY_ACTIVE_ARCH = YES;
				SDKROOT = iphoneos;
			};
			name = Debug;
		};
		D56B3B441FB414FD0084032D /* Release */ = {
			isa = XCBuildConfiguration;
			buildSettings = {
				ALWAYS_SEARCH_USER_PATHS = NO;
				CLANG_ANALYZER_NONNULL = YES;
				CLANG_ANALYZER_NUMBER_OBJECT_CONVERSION = YES_AGGRESSIVE;
				CLANG_CXX_LANGUAGE_STANDARD = "gnu++14";
				CLANG_CXX_LIBRARY = "libc++";
				CLANG_ENABLE_MODULES = YES;
				CLANG_ENABLE_OBJC_ARC = YES;
				CLANG_WARN_BLOCK_CAPTURE_AUTORELEASING = YES;
				CLANG_WARN_BOOL_CONVERSION = YES;
				CLANG_WARN_COMMA = YES;
				CLANG_WARN_CONSTANT_CONVERSION = YES;
				CLANG_WARN_DIRECT_OBJC_ISA_USAGE = YES_ERROR;
				CLANG_WARN_DOCUMENTATION_COMMENTS = YES;
				CLANG_WARN_EMPTY_BODY = YES;
				CLANG_WARN_ENUM_CONVERSION = YES;
				CLANG_WARN_INFINITE_RECURSION = YES;
				CLANG_WARN_INT_CONVERSION = YES;
				CLANG_WARN_NON_LITERAL_NULL_CONVERSION = YES;
				CLANG_WARN_OBJC_LITERAL_CONVERSION = YES;
				CLANG_WARN_OBJC_ROOT_CLASS = YES_ERROR;
				CLANG_WARN_RANGE_LOOP_ANALYSIS = YES;
				CLANG_WARN_STRICT_PROTOTYPES = YES;
				CLANG_WARN_SUSPICIOUS_MOVE = YES;
				CLANG_WARN_UNGUARDED_AVAILABILITY = YES_AGGRESSIVE;
				CLANG_WARN_UNREACHABLE_CODE = YES;
				CLANG_WARN__DUPLICATE_METHOD_MATCH = YES;
				CODE_SIGN_IDENTITY = "iPhone Developer";
				COPY_PHASE_STRIP = NO;
				DEBUG_INFORMATION_FORMAT = "dwarf-with-dsym";
				ENABLE_NS_ASSERTIONS = NO;
				ENABLE_STRICT_OBJC_MSGSEND = YES;
				GCC_C_LANGUAGE_STANDARD = gnu11;
				GCC_NO_COMMON_BLOCKS = YES;
				GCC_WARN_64_TO_32_BIT_CONVERSION = YES;
				GCC_WARN_ABOUT_RETURN_TYPE = YES_ERROR;
				GCC_WARN_UNDECLARED_SELECTOR = YES;
				GCC_WARN_UNINITIALIZED_AUTOS = YES_AGGRESSIVE;
				GCC_WARN_UNUSED_FUNCTION = YES;
				GCC_WARN_UNUSED_VARIABLE = YES;
				IPHONEOS_DEPLOYMENT_TARGET = 11.1;
				MTL_ENABLE_DEBUG_INFO = NO;
				SDKROOT = iphoneos;
				VALIDATE_PRODUCT = YES;
			};
			name = Release;
		};
		D56B3B461FB414FD0084032D /* Debug */ = {
			isa = XCBuildConfiguration;
			buildSettings = {
				ASSETCATALOG_COMPILER_APPICON_NAME = AppIcon;
				CODE_SIGN_STYLE = Automatic;
				INFOPLIST_FILE = demo/Info.plist;
				LD_RUNPATH_SEARCH_PATHS = "$(inherited) @executable_path/Frameworks";
				PRODUCT_BUNDLE_IDENTIFIER = sjh.com.demo;
				PRODUCT_NAME = "$(TARGET_NAME)";
				TARGETED_DEVICE_FAMILY = "1,2";
			};
			name = Debug;
		};
		D56B3B471FB414FD0084032D /* Release */ = {
			isa = XCBuildConfiguration;
			buildSettings = {
				ASSETCATALOG_COMPILER_APPICON_NAME = AppIcon;
				CODE_SIGN_STYLE = Automatic;
				INFOPLIST_FILE = demo/Info.plist;
				LD_RUNPATH_SEARCH_PATHS = "$(inherited) @executable_path/Frameworks";
				PRODUCT_BUNDLE_IDENTIFIER = sjh.com.demo;
				PRODUCT_NAME = "$(TARGET_NAME)";
				TARGETED_DEVICE_FAMILY = "1,2";
			};
			name = Release;
		};
		D56B3B491FB414FD0084032D /* Debug */ = {
			isa = XCBuildConfiguration;
			buildSettings = {
				BUNDLE_LOADER = "$(TEST_HOST)";
				CODE_SIGN_STYLE = Automatic;
				INFOPLIST_FILE = demoTests/Info.plist;
				LD_RUNPATH_SEARCH_PATHS = "$(inherited) @executable_path/Frameworks @loader_path/Frameworks";
				PRODUCT_BUNDLE_IDENTIFIER = sjh.com.demoTests;
				PRODUCT_NAME = "$(TARGET_NAME)";
				TARGETED_DEVICE_FAMILY = "1,2";
				TEST_HOST = "$(BUILT_PRODUCTS_DIR)/demo.app/demo";
			};
			name = Debug;
		};
		D56B3B4A1FB414FD0084032D /* Release */ = {
			isa = XCBuildConfiguration;
			buildSettings = {
				BUNDLE_LOADER = "$(TEST_HOST)";
				CODE_SIGN_STYLE = Automatic;
				INFOPLIST_FILE = demoTests/Info.plist;
				LD_RUNPATH_SEARCH_PATHS = "$(inherited) @executable_path/Frameworks @loader_path/Frameworks";
				PRODUCT_BUNDLE_IDENTIFIER = sjh.com.demoTests;
				PRODUCT_NAME = "$(TARGET_NAME)";
				TARGETED_DEVICE_FAMILY = "1,2";
				TEST_HOST = "$(BUILT_PRODUCTS_DIR)/demo.app/demo";
			};
			name = Release;
		};
		D56B3B4C1FB414FD0084032D /* Debug */ = {
			isa = XCBuildConfiguration;
			buildSettings = {
				CODE_SIGN_STYLE = Automatic;
				INFOPLIST_FILE = demoUITests/Info.plist;
				LD_RUNPATH_SEARCH_PATHS = "$(inherited) @executable_path/Frameworks @loader_path/Frameworks";
				PRODUCT_BUNDLE_IDENTIFIER = sjh.com.demoUITests;
				PRODUCT_NAME = "$(TARGET_NAME)";
				TARGETED_DEVICE_FAMILY = "1,2";
				TEST_TARGET_NAME = demo;
			};
			name = Debug;
		};
		D56B3B4D1FB414FD0084032D /* Release */ = {
			isa = XCBuildConfiguration;
			buildSettings = {
				CODE_SIGN_STYLE = Automatic;
				INFOPLIST_FILE = demoUITests/Info.plist;
				LD_RUNPATH_SEARCH_PATHS = "$(inherited) @executable_path/Frameworks @loader_path/Frameworks";
				PRODUCT_BUNDLE_IDENTIFIER = sjh.com.demoUITests;
				PRODUCT_NAME = "$(TARGET_NAME)";
				TARGETED_DEVICE_FAMILY = "1,2";
				TEST_TARGET_NAME = demo;
			};
			name = Release;
		};
/* End XCBuildConfiguration section */

/* Begin XCConfigurationList section */
		D56B3B111FB414FD0084032D /* Build configuration list for PBXProject "demo" */ = {
			isa = XCConfigurationList;
			buildConfigurations = (
				D56B3B431FB414FD0084032D /* Debug */,
				D56B3B441FB414FD0084032D /* Release */,
			);
			defaultConfigurationIsVisible = 0;
			defaultConfigurationName = Release;
		};
		D56B3B451FB414FD0084032D /* Build configuration list for PBXNativeTarget "demo" */ = {
			isa = XCConfigurationList;
			buildConfigurations = (
				D56B3B461FB414FD0084032D /* Debug */,
				D56B3B471FB414FD0084032D /* Release */,
			);
			defaultConfigurationIsVisible = 0;
			defaultConfigurationName = Release;
		};
		D56B3B481FB414FD0084032D /* Build configuration list for PBXNativeTarget "demoTests" */ = {
			isa = XCConfigurationList;
			buildConfigurations = (
				D56B3B491FB414FD0084032D /* Debug */,
				D56B3B4A1FB414FD0084032D /* Release */,
			);
			defaultConfigurationIsVisible = 0;
			defaultConfigurationName = Release;
		};
		D56B3B4B1FB414FD0084032D /* Build configuration list for PBXNativeTarget "demoUITests" */ = {
			isa = XCConfigurationList;
			buildConfigurations = (
				D56B3B4C1FB414FD0084032D /* Debug */,
				D56B3B4D1FB414FD0084032D /* Release */,
			);
			defaultConfigurationIsVisible = 0;
			defaultConfigurationName = Release;
		};
/* End XCConfigurationList section */

/* Begin XCVersionGroup section */
		D56B3B221FB414FD0084032D /* demo.xcdatamodeld */ = {
			isa = XCVersionGroup;
			children = (
				D56B3B231FB414FD0084032D /* demo.xcdatamodel */,
			);
			currentVersion = D56B3B231FB414FD0084032D /* demo.xcdatamodel */;
			path = demo.xcdatamodeld;
			sourceTree = "<group>";
			versionGroupType = wrapper.xcdatamodel;
		};
/* End XCVersionGroup section */
	};
	rootObject = D56B3B0E1FB414FD0084032D /* Project object */;
}
